// !$*UTF8*$!
{
	archiveVersion = 1;
	classes = {
	};
	objectVersion = 46;
	objects = {

/* Begin PBXBuildFile section */
		D10E45DC1AF8FA3D0005814A /* main.m in Sources */ = {isa = PBXBuildFile; fileRef = D10E45DB1AF8FA3D0005814A /* main.m */; };
		D10E45DF1AF8FA3D0005814A /* AppDelegate.m in Sources */ = {isa = PBXBuildFile; fileRef = D10E45DE1AF8FA3D0005814A /* AppDelegate.m */; };
		D10E45E21AF8FA3D0005814A /* Conti_Pickers.xcdatamodeld in Sources */ = {isa = PBXBuildFile; fileRef = D10E45E01AF8FA3D0005814A /* Conti_Pickers.xcdatamodeld */; };
		D10E45E51AF8FA3D0005814A /* ViewController.m in Sources */ = {isa = PBXBuildFile; fileRef = D10E45E41AF8FA3D0005814A /* ViewController.m */; };
		D10E45E81AF8FA3D0005814A /* Main.storyboard in Resources */ = {isa = PBXBuildFile; fileRef = D10E45E61AF8FA3D0005814A /* Main.storyboard */; };
		D10E45EA1AF8FA3D0005814A /* Images.xcassets in Resources */ = {isa = PBXBuildFile; fileRef = D10E45E91AF8FA3D0005814A /* Images.xcassets */; };
		D10E45ED1AF8FA3D0005814A /* LaunchScreen.xib in Resources */ = {isa = PBXBuildFile; fileRef = D10E45EB1AF8FA3D0005814A /* LaunchScreen.xib */; };
		D10E45F91AF8FA3D0005814A /* Conti_PickersTests.m in Sources */ = {isa = PBXBuildFile; fileRef = D10E45F81AF8FA3D0005814A /* Conti_PickersTests.m */; };
		D10E46061AF8FBF90005814A /* Tab01.m in Sources */ = {isa = PBXBuildFile; fileRef = D10E46051AF8FBF90005814A /* Tab01.m */; };
		D10E46091AF8FC130005814A /* Tab02.m in Sources */ = {isa = PBXBuildFile; fileRef = D10E46081AF8FC130005814A /* Tab02.m */; };
		D10E460C1AF8FF750005814A /* Declarations.m in Sources */ = {isa = PBXBuildFile; fileRef = D10E460B1AF8FF750005814A /* Declarations.m */; };
		D10E46211AF90F5F0005814A /* libGoogleAnalyticsServices.a in Frameworks */ = {isa = PBXBuildFile; fileRef = D10E46201AF90F5F0005814A /* libGoogleAnalyticsServices.a */; };
		D10E46241AF90F7D0005814A /* CoreData.framework in Frameworks */ = {isa = PBXBuildFile; fileRef = D10E46221AF90F7D0005814A /* CoreData.framework */; };
		D10E46251AF90F7D0005814A /* SystemConfiguration.framework in Frameworks */ = {isa = PBXBuildFile; fileRef = D10E46231AF90F7D0005814A /* SystemConfiguration.framework */; };
		D10E46281AF90F990005814A /* libsqlite3.dylib in Frameworks */ = {isa = PBXBuildFile; fileRef = D10E46261AF90F980005814A /* libsqlite3.dylib */; };
		D10E46291AF90F990005814A /* libz.dylib in Frameworks */ = {isa = PBXBuildFile; fileRef = D10E46271AF90F980005814A /* libz.dylib */; };
/* End PBXBuildFile section */

/* Begin PBXContainerItemProxy section */
		D10E45F31AF8FA3D0005814A /* PBXContainerItemProxy */ = {
			isa = PBXContainerItemProxy;
			containerPortal = D10E45CE1AF8FA3D0005814A /* Project object */;
			proxyType = 1;
			remoteGlobalIDString = D10E45D51AF8FA3D0005814A;
			remoteInfo = "Conti-Pickers";
		};
/* End PBXContainerItemProxy section */

/* Begin PBXFileReference section */
		D10E45D61AF8FA3D0005814A /* Conti-Pickers.app */ = {isa = PBXFileReference; explicitFileType = wrapper.application; includeInIndex = 0; path = "Conti-Pickers.app"; sourceTree = BUILT_PRODUCTS_DIR; };
		D10E45DA1AF8FA3D0005814A /* Info.plist */ = {isa = PBXFileReference; lastKnownFileType = text.plist.xml; path = Info.plist; sourceTree = "<group>"; };
		D10E45DB1AF8FA3D0005814A /* main.m */ = {isa = PBXFileReference; lastKnownFileType = sourcecode.c.objc; path = main.m; sourceTree = "<group>"; };
		D10E45DD1AF8FA3D0005814A /* AppDelegate.h */ = {isa = PBXFileReference; lastKnownFileType = sourcecode.c.h; path = AppDelegate.h; sourceTree = "<group>"; };
		D10E45DE1AF8FA3D0005814A /* AppDelegate.m */ = {isa = PBXFileReference; lastKnownFileType = sourcecode.c.objc; path = AppDelegate.m; sourceTree = "<group>"; };
		D10E45E11AF8FA3D0005814A /* Conti_Pickers.xcdatamodel */ = {isa = PBXFileReference; lastKnownFileType = wrapper.xcdatamodel; path = Conti_Pickers.xcdatamodel; sourceTree = "<group>"; };
		D10E45E31AF8FA3D0005814A /* ViewController.h */ = {isa = PBXFileReference; lastKnownFileType = sourcecode.c.h; path = ViewController.h; sourceTree = "<group>"; };
		D10E45E41AF8FA3D0005814A /* ViewController.m */ = {isa = PBXFileReference; lastKnownFileType = sourcecode.c.objc; path = ViewController.m; sourceTree = "<group>"; };
		D10E45E71AF8FA3D0005814A /* Base */ = {isa = PBXFileReference; lastKnownFileType = file.storyboard; name = Base; path = Base.lproj/Main.storyboard; sourceTree = "<group>"; };
		D10E45E91AF8FA3D0005814A /* Images.xcassets */ = {isa = PBXFileReference; lastKnownFileType = folder.assetcatalog; path = Images.xcassets; sourceTree = "<group>"; };
		D10E45EC1AF8FA3D0005814A /* Base */ = {isa = PBXFileReference; lastKnownFileType = file.xib; name = Base; path = Base.lproj/LaunchScreen.xib; sourceTree = "<group>"; };
		D10E45F21AF8FA3D0005814A /* Conti-PickersTests.xctest */ = {isa = PBXFileReference; explicitFileType = wrapper.cfbundle; includeInIndex = 0; path = "Conti-PickersTests.xctest"; sourceTree = BUILT_PRODUCTS_DIR; };
		D10E45F71AF8FA3D0005814A /* Info.plist */ = {isa = PBXFileReference; lastKnownFileType = text.plist.xml; path = Info.plist; sourceTree = "<group>"; };
		D10E45F81AF8FA3D0005814A /* Conti_PickersTests.m */ = {isa = PBXFileReference; lastKnownFileType = sourcecode.c.objc; path = Conti_PickersTests.m; sourceTree = "<group>"; };
		D10E46041AF8FBF90005814A /* Tab01.h */ = {isa = PBXFileReference; fileEncoding = 4; lastKnownFileType = sourcecode.c.h; path = Tab01.h; sourceTree = "<group>"; };
		D10E46051AF8FBF90005814A /* Tab01.m */ = {isa = PBXFileReference; fileEncoding = 4; lastKnownFileType = sourcecode.c.objc; path = Tab01.m; sourceTree = "<group>"; };
		D10E46071AF8FC130005814A /* Tab02.h */ = {isa = PBXFileReference; fileEncoding = 4; lastKnownFileType = sourcecode.c.h; path = Tab02.h; sourceTree = "<group>"; };
		D10E46081AF8FC130005814A /* Tab02.m */ = {isa = PBXFileReference; fileEncoding = 4; lastKnownFileType = sourcecode.c.objc; path = Tab02.m; sourceTree = "<group>"; };
		D10E460A1AF8FF750005814A /* Declarations.h */ = {isa = PBXFileReference; fileEncoding = 4; lastKnownFileType = sourcecode.c.h; path = Declarations.h; sourceTree = "<group>"; };
		D10E460B1AF8FF750005814A /* Declarations.m */ = {isa = PBXFileReference; fileEncoding = 4; lastKnownFileType = sourcecode.c.objc; path = Declarations.m; sourceTree = "<group>"; };
		D10E460E1AF90F180005814A /* GAI.h */ = {isa = PBXFileReference; fileEncoding = 4; lastKnownFileType = sourcecode.c.h; path = GAI.h; sourceTree = "<group>"; };
		D10E460F1AF90F180005814A /* GAIDictionaryBuilder.h */ = {isa = PBXFileReference; fileEncoding = 4; lastKnownFileType = sourcecode.c.h; path = GAIDictionaryBuilder.h; sourceTree = "<group>"; };
		D10E46101AF90F180005814A /* GAIEcommerceProduct.h */ = {isa = PBXFileReference; fileEncoding = 4; lastKnownFileType = sourcecode.c.h; path = GAIEcommerceProduct.h; sourceTree = "<group>"; };
		D10E46111AF90F180005814A /* GAIEcommerceProductAction.h */ = {isa = PBXFileReference; fileEncoding = 4; lastKnownFileType = sourcecode.c.h; path = GAIEcommerceProductAction.h; sourceTree = "<group>"; };
		D10E46121AF90F180005814A /* GAIEcommercePromotion.h */ = {isa = PBXFileReference; fileEncoding = 4; lastKnownFileType = sourcecode.c.h; path = GAIEcommercePromotion.h; sourceTree = "<group>"; };
		D10E46131AF90F180005814A /* GAIFields.h */ = {isa = PBXFileReference; fileEncoding = 4; lastKnownFileType = sourcecode.c.h; path = GAIFields.h; sourceTree = "<group>"; };
		D10E46141AF90F180005814A /* GAILogger.h */ = {isa = PBXFileReference; fileEncoding = 4; lastKnownFileType = sourcecode.c.h; path = GAILogger.h; sourceTree = "<group>"; };
		D10E46151AF90F180005814A /* GAITrackedViewController.h */ = {isa = PBXFileReference; fileEncoding = 4; lastKnownFileType = sourcecode.c.h; path = GAITrackedViewController.h; sourceTree = "<group>"; };
		D10E46161AF90F180005814A /* GAITracker.h */ = {isa = PBXFileReference; fileEncoding = 4; lastKnownFileType = sourcecode.c.h; path = GAITracker.h; sourceTree = "<group>"; };
		D10E46201AF90F5F0005814A /* libGoogleAnalyticsServices.a */ = {isa = PBXFileReference; lastKnownFileType = archive.ar; path = libGoogleAnalyticsServices.a; sourceTree = "<group>"; };
		D10E46221AF90F7D0005814A /* CoreData.framework */ = {isa = PBXFileReference; lastKnownFileType = wrapper.framework; name = CoreData.framework; path = System/Library/Frameworks/CoreData.framework; sourceTree = SDKROOT; };
		D10E46231AF90F7D0005814A /* SystemConfiguration.framework */ = {isa = PBXFileReference; lastKnownFileType = wrapper.framework; name = SystemConfiguration.framework; path = System/Library/Frameworks/SystemConfiguration.framework; sourceTree = SDKROOT; };
		D10E46261AF90F980005814A /* libsqlite3.dylib */ = {isa = PBXFileReference; lastKnownFileType = "compiled.mach-o.dylib"; name = libsqlite3.dylib; path = usr/lib/libsqlite3.dylib; sourceTree = SDKROOT; };
		D10E46271AF90F980005814A /* libz.dylib */ = {isa = PBXFileReference; lastKnownFileType = "compiled.mach-o.dylib"; name = libz.dylib; path = usr/lib/libz.dylib; sourceTree = SDKROOT; };
/* End PBXFileReference section */

/* Begin PBXFrameworksBuildPhase section */
		D10E45D31AF8FA3D0005814A /* Frameworks */ = {
			isa = PBXFrameworksBuildPhase;
			buildActionMask = 2147483647;
			files = (
				D10E46281AF90F990005814A /* libsqlite3.dylib in Frameworks */,
				D10E46291AF90F990005814A /* libz.dylib in Frameworks */,
				D10E46241AF90F7D0005814A /* CoreData.framework in Frameworks */,
				D10E46251AF90F7D0005814A /* SystemConfiguration.framework in Frameworks */,
				D10E46211AF90F5F0005814A /* libGoogleAnalyticsServices.a in Frameworks */,
			);
			runOnlyForDeploymentPostprocessing = 0;
		};
		D10E45EF1AF8FA3D0005814A /* Frameworks */ = {
			isa = PBXFrameworksBuildPhase;
			buildActionMask = 2147483647;
			files = (
			);
			runOnlyForDeploymentPostprocessing = 0;
		};
/* End PBXFrameworksBuildPhase section */

/* Begin PBXGroup section */
		D10E45CD1AF8FA3D0005814A = {
			isa = PBXGroup;
			children = (
				D10E46261AF90F980005814A /* libsqlite3.dylib */,
				D10E46271AF90F980005814A /* libz.dylib */,
				D10E46221AF90F7D0005814A /* CoreData.framework */,
				D10E46231AF90F7D0005814A /* SystemConfiguration.framework */,
				D10E460D1AF90F180005814A /* GoogleAnalytics */,
				D10E45D81AF8FA3D0005814A /* Conti-Pickers */,
				D10E45F51AF8FA3D0005814A /* Conti-PickersTests */,
				D10E45D71AF8FA3D0005814A /* Products */,
			);
			sourceTree = "<group>";
		};
		D10E45D71AF8FA3D0005814A /* Products */ = {
			isa = PBXGroup;
			children = (
				D10E45D61AF8FA3D0005814A /* Conti-Pickers.app */,
				D10E45F21AF8FA3D0005814A /* Conti-PickersTests.xctest */,
			);
			name = Products;
			sourceTree = "<group>";
		};
		D10E45D81AF8FA3D0005814A /* Conti-Pickers */ = {
			isa = PBXGroup;
			children = (
				D10E46021AF8FA520005814A /* Main */,
				D10E46031AF8FA5F0005814A /* Controllers */,
				D10E45E61AF8FA3D0005814A /* Main.storyboard */,
				D10E45E91AF8FA3D0005814A /* Images.xcassets */,
				D10E45EB1AF8FA3D0005814A /* LaunchScreen.xib */,
				D10E45E01AF8FA3D0005814A /* Conti_Pickers.xcdatamodeld */,
				D10E45D91AF8FA3D0005814A /* Supporting Files */,
			);
			path = "Conti-Pickers";
			sourceTree = "<group>";
		};
		D10E45D91AF8FA3D0005814A /* Supporting Files */ = {
			isa = PBXGroup;
			children = (
				D10E45DA1AF8FA3D0005814A /* Info.plist */,
				D10E45DB1AF8FA3D0005814A /* main.m */,
			);
			name = "Supporting Files";
			sourceTree = "<group>";
		};
		D10E45F51AF8FA3D0005814A /* Conti-PickersTests */ = {
			isa = PBXGroup;
			children = (
				D10E45F81AF8FA3D0005814A /* Conti_PickersTests.m */,
				D10E45F61AF8FA3D0005814A /* Supporting Files */,
			);
			path = "Conti-PickersTests";
			sourceTree = "<group>";
		};
		D10E45F61AF8FA3D0005814A /* Supporting Files */ = {
			isa = PBXGroup;
			children = (
				D10E45F71AF8FA3D0005814A /* Info.plist */,
			);
			name = "Supporting Files";
			sourceTree = "<group>";
		};
		D10E46021AF8FA520005814A /* Main */ = {
			isa = PBXGroup;
			children = (
				D10E45DD1AF8FA3D0005814A /* AppDelegate.h */,
				D10E45DE1AF8FA3D0005814A /* AppDelegate.m */,
				D10E460A1AF8FF750005814A /* Declarations.h */,
				D10E460B1AF8FF750005814A /* Declarations.m */,
			);
			name = Main;
			sourceTree = "<group>";
		};
		D10E46031AF8FA5F0005814A /* Controllers */ = {
			isa = PBXGroup;
			children = (
				D10E45E31AF8FA3D0005814A /* ViewController.h */,
				D10E45E41AF8FA3D0005814A /* ViewController.m */,
				D10E46041AF8FBF90005814A /* Tab01.h */,
				D10E46051AF8FBF90005814A /* Tab01.m */,
				D10E46071AF8FC130005814A /* Tab02.h */,
				D10E46081AF8FC130005814A /* Tab02.m */,
			);
			name = Controllers;
			sourceTree = "<group>";
		};
		D10E460D1AF90F180005814A /* GoogleAnalytics */ = {
			isa = PBXGroup;
			children = (
				D10E46201AF90F5F0005814A /* libGoogleAnalyticsServices.a */,
				D10E460E1AF90F180005814A /* GAI.h */,
				D10E460F1AF90F180005814A /* GAIDictionaryBuilder.h */,
				D10E46101AF90F180005814A /* GAIEcommerceProduct.h */,
				D10E46111AF90F180005814A /* GAIEcommerceProductAction.h */,
				D10E46121AF90F180005814A /* GAIEcommercePromotion.h */,
				D10E46131AF90F180005814A /* GAIFields.h */,
				D10E46141AF90F180005814A /* GAILogger.h */,
				D10E46151AF90F180005814A /* GAITrackedViewController.h */,
				D10E46161AF90F180005814A /* GAITracker.h */,
			);
			name = GoogleAnalytics;
			path = "Conti-Pickers/GoogleAnalytics";
			sourceTree = "<group>";
		};
/* End PBXGroup section */

/* Begin PBXNativeTarget section */
		D10E45D51AF8FA3D0005814A /* Conti-Pickers */ = {
			isa = PBXNativeTarget;
			buildConfigurationList = D10E45FC1AF8FA3D0005814A /* Build configuration list for PBXNativeTarget "Conti-Pickers" */;
			buildPhases = (
				D10E45D21AF8FA3D0005814A /* Sources */,
				D10E45D31AF8FA3D0005814A /* Frameworks */,
				D10E45D41AF8FA3D0005814A /* Resources */,
			);
			buildRules = (
			);
			dependencies = (
			);
			name = "Conti-Pickers";
			productName = "Conti-Pickers";
			productReference = D10E45D61AF8FA3D0005814A /* Conti-Pickers.app */;
			productType = "com.apple.product-type.application";
		};
		D10E45F11AF8FA3D0005814A /* Conti-PickersTests */ = {
			isa = PBXNativeTarget;
			buildConfigurationList = D10E45FF1AF8FA3D0005814A /* Build configuration list for PBXNativeTarget "Conti-PickersTests" */;
			buildPhases = (
				D10E45EE1AF8FA3D0005814A /* Sources */,
				D10E45EF1AF8FA3D0005814A /* Frameworks */,
				D10E45F01AF8FA3D0005814A /* Resources */,
			);
			buildRules = (
			);
			dependencies = (
				D10E45F41AF8FA3D0005814A /* PBXTargetDependency */,
			);
			name = "Conti-PickersTests";
			productName = "Conti-PickersTests";
			productReference = D10E45F21AF8FA3D0005814A /* Conti-PickersTests.xctest */;
			productType = "com.apple.product-type.bundle.unit-test";
		};
/* End PBXNativeTarget section */

/* Begin PBXProject section */
		D10E45CE1AF8FA3D0005814A /* Project object */ = {
			isa = PBXProject;
			attributes = {
				LastUpgradeCheck = 0630;
				ORGANIZATIONNAME = Smartplace;
				TargetAttributes = {
					D10E45D51AF8FA3D0005814A = {
						CreatedOnToolsVersion = 6.3;
					};
					D10E45F11AF8FA3D0005814A = {
						CreatedOnToolsVersion = 6.3;
						TestTargetID = D10E45D51AF8FA3D0005814A;
					};
				};
			};
			buildConfigurationList = D10E45D11AF8FA3D0005814A /* Build configuration list for PBXProject "Conti-Pickers" */;
			compatibilityVersion = "Xcode 3.2";
			developmentRegion = English;
			hasScannedForEncodings = 0;
			knownRegions = (
				en,
				Base,
			);
			mainGroup = D10E45CD1AF8FA3D0005814A;
			productRefGroup = D10E45D71AF8FA3D0005814A /* Products */;
			projectDirPath = "";
			projectRoot = "";
			targets = (
				D10E45D51AF8FA3D0005814A /* Conti-Pickers */,
				D10E45F11AF8FA3D0005814A /* Conti-PickersTests */,
			);
		};
/* End PBXProject section */

/* Begin PBXResourcesBuildPhase section */
		D10E45D41AF8FA3D0005814A /* Resources */ = {
			isa = PBXResourcesBuildPhase;
			buildActionMask = 2147483647;
			files = (
				D10E45E81AF8FA3D0005814A /* Main.storyboard in Resources */,
				D10E45ED1AF8FA3D0005814A /* LaunchScreen.xib in Resources */,
				D10E45EA1AF8FA3D0005814A /* Images.xcassets in Resources */,
			);
			runOnlyForDeploymentPostprocessing = 0;
		};
		D10E45F01AF8FA3D0005814A /* Resources */ = {
			isa = PBXResourcesBuildPhase;
			buildActionMask = 2147483647;
			files = (
			);
			runOnlyForDeploymentPostprocessing = 0;
		};
/* End PBXResourcesBuildPhase section */

/* Begin PBXSourcesBuildPhase section */
		D10E45D21AF8FA3D0005814A /* Sources */ = {
			isa = PBXSourcesBuildPhase;
			buildActionMask = 2147483647;
			files = (
				D10E45DF1AF8FA3D0005814A /* AppDelegate.m in Sources */,
				D10E46061AF8FBF90005814A /* Tab01.m in Sources */,
				D10E45DC1AF8FA3D0005814A /* main.m in Sources */,
				D10E460C1AF8FF750005814A /* Declarations.m in Sources */,
				D10E46091AF8FC130005814A /* Tab02.m in Sources */,
				D10E45E51AF8FA3D0005814A /* ViewController.m in Sources */,
				D10E45E21AF8FA3D0005814A /* Conti_Pickers.xcdatamodeld in Sources */,
			);
			runOnlyForDeploymentPostprocessing = 0;
		};
		D10E45EE1AF8FA3D0005814A /* Sources */ = {
			isa = PBXSourcesBuildPhase;
			buildActionMask = 2147483647;
			files = (
				D10E45F91AF8FA3D0005814A /* Conti_PickersTests.m in Sources */,
			);
			runOnlyForDeploymentPostprocessing = 0;
		};
/* End PBXSourcesBuildPhase section */

/* Begin PBXTargetDependency section */
		D10E45F41AF8FA3D0005814A /* PBXTargetDependency */ = {
			isa = PBXTargetDependency;
			target = D10E45D51AF8FA3D0005814A /* Conti-Pickers */;
			targetProxy = D10E45F31AF8FA3D0005814A /* PBXContainerItemProxy */;
		};
/* End PBXTargetDependency section */

/* Begin PBXVariantGroup section */
		D10E45E61AF8FA3D0005814A /* Main.storyboard */ = {
			isa = PBXVariantGroup;
			children = (
				D10E45E71AF8FA3D0005814A /* Base */,
			);
			name = Main.storyboard;
			sourceTree = "<group>";
		};
		D10E45EB1AF8FA3D0005814A /* LaunchScreen.xib */ = {
			isa = PBXVariantGroup;
			children = (
				D10E45EC1AF8FA3D0005814A /* Base */,
			);
			name = LaunchScreen.xib;
			sourceTree = "<group>";
		};
/* End PBXVariantGroup section */

/* Begin XCBuildConfiguration section */
		D10E45FA1AF8FA3D0005814A /* Debug */ = {
			isa = XCBuildConfiguration;
			buildSettings = {
				ALWAYS_SEARCH_USER_PATHS = NO;
				CLANG_CXX_LANGUAGE_STANDARD = "gnu++0x";
				CLANG_CXX_LIBRARY = "libc++";
				CLANG_ENABLE_MODULES = YES;
				CLANG_ENABLE_OBJC_ARC = YES;
				CLANG_WARN_BOOL_CONVERSION = YES;
				CLANG_WARN_CONSTANT_CONVERSION = YES;
				CLANG_WARN_DIRECT_OBJC_ISA_USAGE = YES_ERROR;
				CLANG_WARN_EMPTY_BODY = YES;
				CLANG_WARN_ENUM_CONVERSION = YES;
				CLANG_WARN_INT_CONVERSION = YES;
				CLANG_WARN_OBJC_ROOT_CLASS = YES_ERROR;
				CLANG_WARN_UNREACHABLE_CODE = YES;
				CLANG_WARN__DUPLICATE_METHOD_MATCH = YES;
				"CODE_SIGN_IDENTITY[sdk=iphoneos*]" = "iPhone Developer";
				COPY_PHASE_STRIP = NO;
				DEBUG_INFORMATION_FORMAT = "dwarf-with-dsym";
				ENABLE_STRICT_OBJC_MSGSEND = YES;
				GCC_C_LANGUAGE_STANDARD = gnu99;
				GCC_DYNAMIC_NO_PIC = NO;
				GCC_NO_COMMON_BLOCKS = YES;
				GCC_OPTIMIZATION_LEVEL = 0;
				GCC_PREPROCESSOR_DEFINITIONS = (
					"DEBUG=1",
					"$(inherited)",
				);
				GCC_SYMBOLS_PRIVATE_EXTERN = NO;
				GCC_WARN_64_TO_32_BIT_CONVERSION = YES;
				GCC_WARN_ABOUT_RETURN_TYPE = YES_ERROR;
				GCC_WARN_UNDECLARED_SELECTOR = YES;
				GCC_WARN_UNINITIALIZED_AUTOS = YES_AGGRESSIVE;
				GCC_WARN_UNUSED_FUNCTION = YES;
				GCC_WARN_UNUSED_VARIABLE = YES;
				IPHONEOS_DEPLOYMENT_TARGET = 8.3;
				MTL_ENABLE_DEBUG_INFO = YES;
				ONLY_ACTIVE_ARCH = YES;
				SDKROOT = iphoneos;
			};
			name = Debug;
		};
		D10E45FB1AF8FA3D0005814A /* Release */ = {
			isa = XCBuildConfiguration;
			buildSettings = {
				ALWAYS_SEARCH_USER_PATHS = NO;
				CLANG_CXX_LANGUAGE_STANDARD = "gnu++0x";
				CLANG_CXX_LIBRARY = "libc++";
				CLANG_ENABLE_MODULES = YES;
				CLANG_ENABLE_OBJC_ARC = YES;
				CLANG_WARN_BOOL_CONVERSION = YES;
				CLANG_WARN_CONSTANT_CONVERSION = YES;
				CLANG_WARN_DIRECT_OBJC_ISA_USAGE = YES_ERROR;
				CLANG_WARN_EMPTY_BODY = YES;
				CLANG_WARN_ENUM_CONVERSION = YES;
				CLANG_WARN_INT_CONVERSION = YES;
				CLANG_WARN_OBJC_ROOT_CLASS = YES_ERROR;
				CLANG_WARN_UNREACHABLE_CODE = YES;
				CLANG_WARN__DUPLICATE_METHOD_MATCH = YES;
				"CODE_SIGN_IDENTITY[sdk=iphoneos*]" = "iPhone Developer";
				COPY_PHASE_STRIP = NO;
				DEBUG_INFORMATION_FORMAT = "dwarf-with-dsym";
				ENABLE_NS_ASSERTIONS = NO;
				ENABLE_STRICT_OBJC_MSGSEND = YES;
				GCC_C_LANGUAGE_STANDARD = gnu99;
				GCC_NO_COMMON_BLOCKS = YES;
				GCC_WARN_64_TO_32_BIT_CONVERSION = YES;
				GCC_WARN_ABOUT_RETURN_TYPE = YES_ERROR;
				GCC_WARN_UNDECLARED_SELECTOR = YES;
				GCC_WARN_UNINITIALIZED_AUTOS = YES_AGGRESSIVE;
				GCC_WARN_UNUSED_FUNCTION = YES;
				GCC_WARN_UNUSED_VARIABLE = YES;
				IPHONEOS_DEPLOYMENT_TARGET = 8.3;
				MTL_ENABLE_DEBUG_INFO = NO;
				SDKROOT = iphoneos;
				VALIDATE_PRODUCT = YES;
			};
			name = Release;
		};
		D10E45FD1AF8FA3D0005814A /* Debug */ = {
			isa = XCBuildConfiguration;
			buildSettings = {
				ASSETCATALOG_COMPILER_APPICON_NAME = AppIcon;
				INFOPLIST_FILE = "Conti-Pickers/Info.plist";
				LD_RUNPATH_SEARCH_PATHS = "$(inherited) @executable_path/Frameworks";
				LIBRARY_SEARCH_PATHS = (
					"$(inherited)",
					"$(PROJECT_DIR)/Conti-Pickers/GoogleAnalytics",
				);
				PRODUCT_NAME = "$(TARGET_NAME)";
			};
			name = Debug;
		};
		D10E45FE1AF8FA3D0005814A /* Release */ = {
			isa = XCBuildConfiguration;
			buildSettings = {
				ASSETCATALOG_COMPILER_APPICON_NAME = AppIcon;
				INFOPLIST_FILE = "Conti-Pickers/Info.plist";
				LD_RUNPATH_SEARCH_PATHS = "$(inherited) @executable_path/Frameworks";
				LIBRARY_SEARCH_PATHS = (
					"$(inherited)",
					"$(PROJECT_DIR)/Conti-Pickers/GoogleAnalytics",
				);
				PRODUCT_NAME = "$(TARGET_NAME)";
			};
			name = Release;
		};
		D10E46001AF8FA3D0005814A /* Debug */ = {
			isa = XCBuildConfiguration;
			buildSettings = {
				BUNDLE_LOADER = "$(TEST_HOST)";
				FRAMEWORK_SEARCH_PATHS = (
					"$(SDKROOT)/Developer/Library/Frameworks",
					"$(inherited)",
				);
				GCC_PREPROCESSOR_DEFINITIONS = (
					"DEBUG=1",
					"$(inherited)",
				);
				INFOPLIST_FILE = "Conti-PickersTests/Info.plist";
				LD_RUNPATH_SEARCH_PATHS = "$(inherited) @executable_path/Frameworks @loader_path/Frameworks";
				PRODUCT_NAME = "$(TARGET_NAME)";
				TEST_HOST = "$(BUILT_PRODUCTS_DIR)/Conti-Pickers.app/Conti-Pickers";
			};
			name = Debug;
		};
		D10E46011AF8FA3D0005814A /* Release */ = {
			isa = XCBuildConfiguration;
			buildSettings = {
				BUNDLE_LOADER = "$(TEST_HOST)";
				FRAMEWORK_SEARCH_PATHS = (
					"$(SDKROOT)/Developer/Library/Frameworks",
					"$(inherited)",
				);
				INFOPLIST_FILE = "Conti-PickersTests/Info.plist";
				LD_RUNPATH_SEARCH_PATHS = "$(inherited) @executable_path/Frameworks @loader_path/Frameworks";
				PRODUCT_NAME = "$(TARGET_NAME)";
				TEST_HOST = "$(BUILT_PRODUCTS_DIR)/Conti-Pickers.app/Conti-Pickers";
			};
			name = Release;
		};
/* End XCBuildConfiguration section */

/* Begin XCConfigurationList section */
		D10E45D11AF8FA3D0005814A /* Build configuration list for PBXProject "Conti-Pickers" */ = {
			isa = XCConfigurationList;
			buildConfigurations = (
				D10E45FA1AF8FA3D0005814A /* Debug */,
				D10E45FB1AF8FA3D0005814A /* Release */,
			);
			defaultConfigurationIsVisible = 0;
			defaultConfigurationName = Release;
		};
		D10E45FC1AF8FA3D0005814A /* Build configuration list for PBXNativeTarget "Conti-Pickers" */ = {
			isa = XCConfigurationList;
			buildConfigurations = (
				D10E45FD1AF8FA3D0005814A /* Debug */,
				D10E45FE1AF8FA3D0005814A /* Release */,
			);
			defaultConfigurationIsVisible = 0;
		};
		D10E45FF1AF8FA3D0005814A /* Build configuration list for PBXNativeTarget "Conti-PickersTests" */ = {
			isa = XCConfigurationList;
			buildConfigurations = (
				D10E46001AF8FA3D0005814A /* Debug */,
				D10E46011AF8FA3D0005814A /* Release */,
			);
			defaultConfigurationIsVisible = 0;
		};
/* End XCConfigurationList section */

/* Begin XCVersionGroup section */
		D10E45E01AF8FA3D0005814A /* Conti_Pickers.xcdatamodeld */ = {
			isa = XCVersionGroup;
			children = (
				D10E45E11AF8FA3D0005814A /* Conti_Pickers.xcdatamodel */,
			);
			currentVersion = D10E45E11AF8FA3D0005814A /* Conti_Pickers.xcdatamodel */;
			path = Conti_Pickers.xcdatamodeld;
			sourceTree = "<group>";
			versionGroupType = wrapper.xcdatamodel;
		};
/* End XCVersionGroup section */
	};
	rootObject = D10E45CE1AF8FA3D0005814A /* Project object */;
}
